
Microsoft Visual Studio Solution File, Format Version 12.00
# Visual Studio 15
VisualStudioVersion = 15.0.27130.2026
MinimumVisualStudioVersion = 10.0.40219.1
Project("{FAE04EC0-301F-11D3-BF4B-00C04F79EFBC}") = "SimpleTipCalculator", "SimpleTipCalculator\SimpleTipCalculator.csproj", "{D2BC43DB-1FA7-4AAD-B2B6-17D48636C29B}"
EndProject
Global
	GlobalSection(SolutionConfigurationPlatforms) = preSolution
		Debug|Any CPU = Debug|Any CPU
		Release|Any CPU = Release|Any CPU
	EndGlobalSection
	GlobalSection(ProjectConfigurationPlatforms) = postSolution
		{D2BC43DB-1FA7-4AAD-B2B6-17D48636C29B}.Debug|Any CPU.ActiveCfg = Debug|Any CPU
		{D2BC43DB-1FA7-4AAD-B2B6-17D48636C29B}.Debug|Any CPU.Build.0 = Debug|Any CPU
		{D2BC43DB-1FA7-4AAD-B2B6-17D48636C29B}.Release|Any CPU.ActiveCfg = Release|Any CPU
		{D2BC43DB-1FA7-4AAD-B2B6-17D48636C29B}.Release|Any CPU.Build.0 = Release|Any CPU
	EndGlobalSection
	GlobalSection(SolutionProperties) = preSolution
		HideSolutionNode = FALSE
	EndGlobalSection
	GlobalSection(ExtensibilityGlobals) = postSolution
		SolutionGuid = {B271E6DA-8BFA-4183-9631-B8BD850B4CE9}
	EndGlobalSection
EndGlobal
